
Microsoft Visual Studio Solution File, Format Version 12.00
# Visual Studio Version 16
VisualStudioVersion = 16.0.30523.141
MinimumVisualStudioVersion = 10.0.40219.1
Project("{FAE04EC0-301F-11D3-BF4B-00C04F79EFBC}") = "Aurora", "Aurora\Aurora.csproj", "{20FC1D02-BE0E-4385-BC7E-66128FA16D38}"
EndProject
Project("{FAE04EC0-301F-11D3-BF4B-00C04F79EFBC}") = "Midnight", "Midnight\Midnight.csproj", "{2595EB69-BBED-424C-9C9C-523DAB3C76C3}"
EndProject
Project("{FAE04EC0-301F-11D3-BF4B-00C04F79EFBC}") = "MidnightTests", "MidnightTests\MidnightTests.csproj", "{06FB2906-D499-4F0F-A891-554B9A8BFE27}"
EndProject
Global
	GlobalSection(SolutionConfigurationPlatforms) = preSolution
		Debug|Any CPU = Debug|Any CPU
		Release|Any CPU = Release|Any CPU
	EndGlobalSection
	GlobalSection(ProjectConfigurationPlatforms) = postSolution
		{20FC1D02-BE0E-4385-BC7E-66128FA16D38}.Debug|Any CPU.ActiveCfg = Debug|Any CPU
		{20FC1D02-BE0E-4385-BC7E-66128FA16D38}.Debug|Any CPU.Build.0 = Debug|Any CPU
		{20FC1D02-BE0E-4385-BC7E-66128FA16D38}.Release|Any CPU.ActiveCfg = Release|Any CPU
		{20FC1D02-BE0E-4385-BC7E-66128FA16D38}.Release|Any CPU.Build.0 = Release|Any CPU
		{2595EB69-BBED-424C-9C9C-523DAB3C76C3}.Debug|Any CPU.ActiveCfg = Debug|Any CPU
		{2595EB69-BBED-424C-9C9C-523DAB3C76C3}.Debug|Any CPU.Build.0 = Debug|Any CPU
		{2595EB69-BBED-424C-9C9C-523DAB3C76C3}.Release|Any CPU.ActiveCfg = Release|Any CPU
		{2595EB69-BBED-424C-9C9C-523DAB3C76C3}.Release|Any CPU.Build.0 = Release|Any CPU
		{06FB2906-D499-4F0F-A891-554B9A8BFE27}.Debug|Any CPU.ActiveCfg = Debug|Any CPU
		{06FB2906-D499-4F0F-A891-554B9A8BFE27}.Debug|Any CPU.Build.0 = Debug|Any CPU
		{06FB2906-D499-4F0F-A891-554B9A8BFE27}.Release|Any CPU.ActiveCfg = Release|Any CPU
		{06FB2906-D499-4F0F-A891-554B9A8BFE27}.Release|Any CPU.Build.0 = Release|Any CPU
	EndGlobalSection
	GlobalSection(SolutionProperties) = preSolution
		HideSolutionNode = FALSE
	EndGlobalSection
	GlobalSection(ExtensibilityGlobals) = postSolution
		SolutionGuid = {4CE25651-933B-4B12-B78E-C9AEBA4C2632}
	EndGlobalSection
EndGlobal
